
Microsoft Visual Studio Solution File, Format Version 12.00
# Visual Studio Version 17
VisualStudioVersion = 17.10.35013.160
MinimumVisualStudioVersion = 10.0.40219.1
Project("{FAE04EC0-301F-11D3-BF4B-00C04F79EFBC}") = "YouTubeScrapper", "YouTubeScrapper\YouTubeScrapper.csproj", "{FAA4EB7D-BAA3-4C0F-A429-4AC4834BDB39}"
EndProject
Global
	GlobalSection(SolutionConfigurationPlatforms) = preSolution
		Debug|Any CPU = Debug|Any CPU
		Release|Any CPU = Release|Any CPU
	EndGlobalSection
	GlobalSection(ProjectConfigurationPlatforms) = postSolution
		{FAA4EB7D-BAA3-4C0F-A429-4AC4834BDB39}.Debug|Any CPU.ActiveCfg = Debug|Any CPU
		{FAA4EB7D-BAA3-4C0F-A429-4AC4834BDB39}.Debug|Any CPU.Build.0 = Debug|Any CPU
		{FAA4EB7D-BAA3-4C0F-A429-4AC4834BDB39}.Release|Any CPU.ActiveCfg = Release|Any CPU
		{FAA4EB7D-BAA3-4C0F-A429-4AC4834BDB39}.Release|Any CPU.Build.0 = Release|Any CPU
	EndGlobalSection
	GlobalSection(SolutionProperties) = preSolution
		HideSolutionNode = FALSE
	EndGlobalSection
	GlobalSection(ExtensibilityGlobals) = postSolution
		SolutionGuid = {ABCF584D-351B-4842-BF79-70C7D89D6AA8}
	EndGlobalSection
EndGlobal
